
Microsoft Visual Studio Solution File, Format Version 12.00
# Visual Studio Version 16
VisualStudioVersion = 16.0.31729.503
MinimumVisualStudioVersion = 10.0.40219.1
Project("{FAE04EC0-301F-11D3-BF4B-00C04F79EFBC}") = "triathlete", "triathlete\triathlete.csproj", "{3845C89B-23ED-4F9F-8473-0B0D7E0F14F9}"
EndProject
Global
	GlobalSection(SolutionConfigurationPlatforms) = preSolution
		Debug|Any CPU = Debug|Any CPU
		Release|Any CPU = Release|Any CPU
	EndGlobalSection
	GlobalSection(ProjectConfigurationPlatforms) = postSolution
		{3845C89B-23ED-4F9F-8473-0B0D7E0F14F9}.Debug|Any CPU.ActiveCfg = Debug|Any CPU
		{3845C89B-23ED-4F9F-8473-0B0D7E0F14F9}.Debug|Any CPU.Build.0 = Debug|Any CPU
		{3845C89B-23ED-4F9F-8473-0B0D7E0F14F9}.Release|Any CPU.ActiveCfg = Release|Any CPU
		{3845C89B-23ED-4F9F-8473-0B0D7E0F14F9}.Release|Any CPU.Build.0 = Release|Any CPU
	EndGlobalSection
	GlobalSection(SolutionProperties) = preSolution
		HideSolutionNode = FALSE
	EndGlobalSection
	GlobalSection(ExtensibilityGlobals) = postSolution
		SolutionGuid = {4E960F00-EF38-473B-8A4C-CF6E5044344D}
	EndGlobalSection
EndGlobal
